
Microsoft Visual Studio Solution File, Format Version 12.00
# Visual Studio Version 17
VisualStudioVersion = 17.7.34031.279
MinimumVisualStudioVersion = 10.0.40219.1
Project("{FAE04EC0-301F-11D3-BF4B-00C04F79EFBC}") = "TDDTestApplication.API", "TDDTestApplication.API\TDDTestApplication.API.csproj", "{3E0CB6E8-1F9C-40C0-8B92-7DB70CDB834B}"
EndProject
Project("{FAE04EC0-301F-11D3-BF4B-00C04F79EFBC}") = "TDDTestApplication.IntegrationTest", "TDDTestApplication.IntegrationTest\TDDTestApplication.IntegrationTest.csproj", "{14F56153-337D-4A39-8760-01F617EFC4D1}"
EndProject
Project("{FAE04EC0-301F-11D3-BF4B-00C04F79EFBC}") = "TDDTestApplication.UnitTest", "TDDTestApplication.UnitTest\TDDTestApplication.UnitTest.csproj", "{D2E9FC7C-589C-4527-A636-6C1EE573283A}"
EndProject
Global
	GlobalSection(SolutionConfigurationPlatforms) = preSolution
		Debug|Any CPU = Debug|Any CPU
		Release|Any CPU = Release|Any CPU
	EndGlobalSection
	GlobalSection(ProjectConfigurationPlatforms) = postSolution
		{3E0CB6E8-1F9C-40C0-8B92-7DB70CDB834B}.Debug|Any CPU.ActiveCfg = Debug|Any CPU
		{3E0CB6E8-1F9C-40C0-8B92-7DB70CDB834B}.Debug|Any CPU.Build.0 = Debug|Any CPU
		{3E0CB6E8-1F9C-40C0-8B92-7DB70CDB834B}.Release|Any CPU.ActiveCfg = Release|Any CPU
		{3E0CB6E8-1F9C-40C0-8B92-7DB70CDB834B}.Release|Any CPU.Build.0 = Release|Any CPU
		{14F56153-337D-4A39-8760-01F617EFC4D1}.Debug|Any CPU.ActiveCfg = Debug|Any CPU
		{14F56153-337D-4A39-8760-01F617EFC4D1}.Debug|Any CPU.Build.0 = Debug|Any CPU
		{14F56153-337D-4A39-8760-01F617EFC4D1}.Release|Any CPU.ActiveCfg = Release|Any CPU
		{14F56153-337D-4A39-8760-01F617EFC4D1}.Release|Any CPU.Build.0 = Release|Any CPU
		{D2E9FC7C-589C-4527-A636-6C1EE573283A}.Debug|Any CPU.ActiveCfg = Debug|Any CPU
		{D2E9FC7C-589C-4527-A636-6C1EE573283A}.Debug|Any CPU.Build.0 = Debug|Any CPU
		{D2E9FC7C-589C-4527-A636-6C1EE573283A}.Release|Any CPU.ActiveCfg = Release|Any CPU
		{D2E9FC7C-589C-4527-A636-6C1EE573283A}.Release|Any CPU.Build.0 = Release|Any CPU
	EndGlobalSection
	GlobalSection(SolutionProperties) = preSolution
		HideSolutionNode = FALSE
	EndGlobalSection
	GlobalSection(ExtensibilityGlobals) = postSolution
		SolutionGuid = {7198FEE6-429F-4564-8762-F360BC120FA4}
	EndGlobalSection
EndGlobal
